{
    "_readme": [
        "This file locks the dependencies of your project to a known state",
        "Read more about it at https://getcomposer.org/doc/01-basic-usage.md#composer-lock-the-lock-file",
        "This file is @generated automatically"
    ],
    "content-hash": "41b819e450aed3a59dae5f9dee657954",
    "packages": [
        {
            "name": "erik-nystrom/php-clio",
            "version": "dev-master",
            "source": {
                "type": "git",
                "url": "https://github.com/erik-nystrom/php-clio.git",
                "reference": "641fd08b059d27df8ba3613a16c91e0f7226ab6d"
            },
            "dist": {
                "type": "zip",
                "url": "https://api.github.com/repos/erik-nystrom/php-clio/zipball/641fd08b059d27df8ba3613a16c91e0f7226ab6d",
                "reference": "641fd08b059d27df8ba3613a16c91e0f7226ab6d",
                "shasum": ""
            },
            "require": {
                "php": ">=5.3.0"
            },
            "type": "library",
            "autoload": {
                "psr-0": {
                    "PHPClio": "src/"
                }
            },
            "notification-url": "https://packagist.org/downloads/",
            "license": [
                "MIT"
            ],
            "authors": [
                {
                    "name": "Erik Nystrom",
                    "email": "erik.s.nystrom@gmail.com"
                }
            ],
            "description": "A Super simple PHP Command Line IO class",
            "time": "2020-04-15T23:50:29+00:00"
        },
        {
            "name": "mck89/peast",
            "version": "dev-master",
            "source": {
                "type": "git",
                "url": "https://github.com/mck89/peast.git",
                "reference": "6d1100f39f684c9e004f808b27f6c824b083d8d8"
            },
            "dist": {
                "type": "zip",
                "url": "https://api.github.com/repos/mck89/peast/zipball/6d1100f39f684c9e004f808b27f6c824b083d8d8",
                "reference": "6d1100f39f684c9e004f808b27f6c824b083d8d8",
                "shasum": ""
            },
            "require": {
                "php": ">=5.4.0"
            },
            "require-dev": {
                "phpunit/phpunit": "^4.0|^5.0"
            },
            "type": "library",
            "extra": {
                "branch-alias": {
                    "dev-master": "1.10.3-dev"
                }
            },
            "autoload": {
                "psr-4": {
                    "Peast\\": "lib/Peast/",
                    "Peast\\test\\": "test/Peast/"
                }
            },
            "notification-url": "https://packagist.org/downloads/",
            "license": [
                "MIT"
            ],
            "authors": [
                {
                    "name": "Marco Marchiò",
                    "email": "marco.mm89@gmail.com"
                }
            ],
            "description": "Peast is PHP library that generates AST for JavaScript code",
            "time": "2020-04-03T09:06:20+00:00"
        }
    ],
    "packages-dev": [],
    "aliases": [],
    "minimum-stability": "dev",
    "stability-flags": {
        "mck89/peast": 20,
        "erik-nystrom/php-clio": 20
    },
    "prefer-stable": false,
    "prefer-lowest": false,
    "platform": {
        "php": ">=5.3.0"
    },
    "platform-dev": []
}
